// !$*UTF8*$!
{
	archiveVersion = 1;
	classes = {
	};
	objectVersion = 50;
	objects = {

/* Begin PBXBuildFile section */
		678F89384E920FAF3F7A917D /* Pods_13q.framework in Frameworks */ = {isa = PBXBuildFile; fileRef = E854A320998625CD0909C6EF /* Pods_13q.framework */; };
		A04FB8342293DF7500EF0229 /* TableViewCell2.swift in Sources */ = {isa = PBXBuildFile; fileRef = A04FB8332293DF7500EF0229 /* TableViewCell2.swift */; };
		A065F8B4228E1700000F577B /* AppDelegate.swift in Sources */ = {isa = PBXBuildFile; fileRef = A065F8B3228E1700000F577B /* AppDelegate.swift */; };
		A065F8B6228E1700000F577B /* ViewController.swift in Sources */ = {isa = PBXBuildFile; fileRef = A065F8B5228E1700000F577B /* ViewController.swift */; };
		A065F8B9228E1700000F577B /* Main.storyboard in Resources */ = {isa = PBXBuildFile; fileRef = A065F8B7228E1700000F577B /* Main.storyboard */; };
		A065F8BC228E1700000F577B /* _3q.xcdatamodeld in Sources */ = {isa = PBXBuildFile; fileRef = A065F8BA228E1700000F577B /* _3q.xcdatamodeld */; };
		A065F8BE228E1703000F577B /* Assets.xcassets in Resources */ = {isa = PBXBuildFile; fileRef = A065F8BD228E1703000F577B /* Assets.xcassets */; };
		A065F8C1228E1703000F577B /* LaunchScreen.storyboard in Resources */ = {isa = PBXBuildFile; fileRef = A065F8BF228E1703000F577B /* LaunchScreen.storyboard */; };
		A065F8CC228E1703000F577B /* _3qTests.swift in Sources */ = {isa = PBXBuildFile; fileRef = A065F8CB228E1703000F577B /* _3qTests.swift */; };
		A065F8D7228E1703000F577B /* _3qUITests.swift in Sources */ = {isa = PBXBuildFile; fileRef = A065F8D6228E1703000F577B /* _3qUITests.swift */; };
		A065F8E5228E1716000F577B /* Loader1.swift in Sources */ = {isa = PBXBuildFile; fileRef = A065F8E4228E1716000F577B /* Loader1.swift */; };
		A065F8EB228E29EF000F577B /* ViewController2.swift in Sources */ = {isa = PBXBuildFile; fileRef = A065F8EA228E29EF000F577B /* ViewController2.swift */; };
		A065F8ED228E2A02000F577B /* Loader2.swift in Sources */ = {isa = PBXBuildFile; fileRef = A065F8EC228E2A02000F577B /* Loader2.swift */; };
		A0D733BE2297C24700531F71 /* Class.swift in Sources */ = {isa = PBXBuildFile; fileRef = A0D733BD2297C24700531F71 /* Class.swift */; };
		A0D733C22297C38000531F71 /* TableViewCell.swift in Sources */ = {isa = PBXBuildFile; fileRef = A0D733C12297C38000531F71 /* TableViewCell.swift */; };
/* End PBXBuildFile section */

/* Begin PBXContainerItemProxy section */
		A065F8C8228E1703000F577B /* PBXContainerItemProxy */ = {
			isa = PBXContainerItemProxy;
			containerPortal = A065F8A8228E1700000F577B /* Project object */;
			proxyType = 1;
			remoteGlobalIDString = A065F8AF228E1700000F577B;
			remoteInfo = 13q;
		};
		A065F8D3228E1703000F577B /* PBXContainerItemProxy */ = {
			isa = PBXContainerItemProxy;
			containerPortal = A065F8A8228E1700000F577B /* Project object */;
			proxyType = 1;
			remoteGlobalIDString = A065F8AF228E1700000F577B;
			remoteInfo = 13q;
		};
/* End PBXContainerItemProxy section */

/* Begin PBXFileReference section */
		4A75312A0B4B02A246A832FA /* Pods-13q.release.xcconfig */ = {isa = PBXFileReference; includeInIndex = 1; lastKnownFileType = text.xcconfig; name = "Pods-13q.release.xcconfig"; path = "Target Support Files/Pods-13q/Pods-13q.release.xcconfig"; sourceTree = "<group>"; };
		A04FB8332293DF7500EF0229 /* TableViewCell2.swift */ = {isa = PBXFileReference; lastKnownFileType = sourcecode.swift; path = TableViewCell2.swift; sourceTree = "<group>"; };
		A065F8B0228E1700000F577B /* 13q.app */ = {isa = PBXFileReference; explicitFileType = wrapper.application; includeInIndex = 0; path = 13q.app; sourceTree = BUILT_PRODUCTS_DIR; };
		A065F8B3228E1700000F577B /* AppDelegate.swift */ = {isa = PBXFileReference; lastKnownFileType = sourcecode.swift; path = AppDelegate.swift; sourceTree = "<group>"; };
		A065F8B5228E1700000F577B /* ViewController.swift */ = {isa = PBXFileReference; lastKnownFileType = sourcecode.swift; path = ViewController.swift; sourceTree = "<group>"; };
		A065F8B8228E1700000F577B /* Base */ = {isa = PBXFileReference; lastKnownFileType = file.storyboard; name = Base; path = Base.lproj/Main.storyboard; sourceTree = "<group>"; };
		A065F8BB228E1700000F577B /* _3q.xcdatamodel */ = {isa = PBXFileReference; lastKnownFileType = wrapper.xcdatamodel; path = _3q.xcdatamodel; sourceTree = "<group>"; };
		A065F8BD228E1703000F577B /* Assets.xcassets */ = {isa = PBXFileReference; lastKnownFileType = folder.assetcatalog; path = Assets.xcassets; sourceTree = "<group>"; };
		A065F8C0228E1703000F577B /* Base */ = {isa = PBXFileReference; lastKnownFileType = file.storyboard; name = Base; path = Base.lproj/LaunchScreen.storyboard; sourceTree = "<group>"; };
		A065F8C2228E1703000F577B /* Info.plist */ = {isa = PBXFileReference; lastKnownFileType = text.plist.xml; path = Info.plist; sourceTree = "<group>"; };
		A065F8C7228E1703000F577B /* 13qTests.xctest */ = {isa = PBXFileReference; explicitFileType = wrapper.cfbundle; includeInIndex = 0; path = 13qTests.xctest; sourceTree = BUILT_PRODUCTS_DIR; };
		A065F8CB228E1703000F577B /* _3qTests.swift */ = {isa = PBXFileReference; lastKnownFileType = sourcecode.swift; path = _3qTests.swift; sourceTree = "<group>"; };
		A065F8CD228E1703000F577B /* Info.plist */ = {isa = PBXFileReference; lastKnownFileType = text.plist.xml; path = Info.plist; sourceTree = "<group>"; };
		A065F8D2228E1703000F577B /* 13qUITests.xctest */ = {isa = PBXFileReference; explicitFileType = wrapper.cfbundle; includeInIndex = 0; path = 13qUITests.xctest; sourceTree = BUILT_PRODUCTS_DIR; };
		A065F8D6228E1703000F577B /* _3qUITests.swift */ = {isa = PBXFileReference; lastKnownFileType = sourcecode.swift; path = _3qUITests.swift; sourceTree = "<group>"; };
		A065F8D8228E1703000F577B /* Info.plist */ = {isa = PBXFileReference; lastKnownFileType = text.plist.xml; path = Info.plist; sourceTree = "<group>"; };
		A065F8E4228E1716000F577B /* Loader1.swift */ = {isa = PBXFileReference; lastKnownFileType = sourcecode.swift; path = Loader1.swift; sourceTree = "<group>"; };
		A065F8EA228E29EF000F577B /* ViewController2.swift */ = {isa = PBXFileReference; lastKnownFileType = sourcecode.swift; name = ViewController2.swift; path = ../ViewController2.swift; sourceTree = "<group>"; };
		A065F8EC228E2A02000F577B /* Loader2.swift */ = {isa = PBXFileReference; lastKnownFileType = sourcecode.swift; path = Loader2.swift; sourceTree = "<group>"; };
		A0D733BD2297C24700531F71 /* Class.swift */ = {isa = PBXFileReference; lastKnownFileType = sourcecode.swift; path = Class.swift; sourceTree = "<group>"; };
		A0D733C12297C38000531F71 /* TableViewCell.swift */ = {isa = PBXFileReference; lastKnownFileType = sourcecode.swift; path = TableViewCell.swift; sourceTree = "<group>"; };
		ABECC55FF50FCA35FD875785 /* Pods-13q.debug.xcconfig */ = {isa = PBXFileReference; includeInIndex = 1; lastKnownFileType = text.xcconfig; name = "Pods-13q.debug.xcconfig"; path = "Target Support Files/Pods-13q/Pods-13q.debug.xcconfig"; sourceTree = "<group>"; };
		E854A320998625CD0909C6EF /* Pods_13q.framework */ = {isa = PBXFileReference; explicitFileType = wrapper.framework; includeInIndex = 0; path = Pods_13q.framework; sourceTree = BUILT_PRODUCTS_DIR; };
/* End PBXFileReference section */

/* Begin PBXFrameworksBuildPhase section */
		A065F8AD228E1700000F577B /* Frameworks */ = {
			isa = PBXFrameworksBuildPhase;
			buildActionMask = 2147483647;
			files = (
				678F89384E920FAF3F7A917D /* Pods_13q.framework in Frameworks */,
			);
			runOnlyForDeploymentPostprocessing = 0;
		};
		A065F8C4228E1703000F577B /* Frameworks */ = {
			isa = PBXFrameworksBuildPhase;
			buildActionMask = 2147483647;
			files = (
			);
			runOnlyForDeploymentPostprocessing = 0;
		};
		A065F8CF228E1703000F577B /* Frameworks */ = {
			isa = PBXFrameworksBuildPhase;
			buildActionMask = 2147483647;
			files = (
			);
			runOnlyForDeploymentPostprocessing = 0;
		};
/* End PBXFrameworksBuildPhase section */

/* Begin PBXGroup section */
		3EE12B1D6457CC2325797661 /* Pods */ = {
			isa = PBXGroup;
			children = (
				ABECC55FF50FCA35FD875785 /* Pods-13q.debug.xcconfig */,
				4A75312A0B4B02A246A832FA /* Pods-13q.release.xcconfig */,
			);
			path = Pods;
			sourceTree = "<group>";
		};
		A065F8A7228E1700000F577B = {
			isa = PBXGroup;
			children = (
				A065F8B2228E1700000F577B /* 13q */,
				A065F8CA228E1703000F577B /* 13qTests */,
				A065F8D5228E1703000F577B /* 13qUITests */,
				A065F8B1228E1700000F577B /* Products */,
				3EE12B1D6457CC2325797661 /* Pods */,
				E5EF3CE8250DC88F15C39A9A /* Frameworks */,
			);
			sourceTree = "<group>";
		};
		A065F8B1228E1700000F577B /* Products */ = {
			isa = PBXGroup;
			children = (
				A065F8B0228E1700000F577B /* 13q.app */,
				A065F8C7228E1703000F577B /* 13qTests.xctest */,
				A065F8D2228E1703000F577B /* 13qUITests.xctest */,
			);
			name = Products;
			sourceTree = "<group>";
		};
		A065F8B2228E1700000F577B /* 13q */ = {
			isa = PBXGroup;
			children = (
				A0D733BD2297C24700531F71 /* Class.swift */,
				A065F8E4228E1716000F577B /* Loader1.swift */,
				A065F8EC228E2A02000F577B /* Loader2.swift */,
				A065F8B3228E1700000F577B /* AppDelegate.swift */,
				A065F8B5228E1700000F577B /* ViewController.swift */,
				A065F8EA228E29EF000F577B /* ViewController2.swift */,
				A065F8B7228E1700000F577B /* Main.storyboard */,
				A0D733C12297C38000531F71 /* TableViewCell.swift */,
				A04FB8332293DF7500EF0229 /* TableViewCell2.swift */,
				A065F8BD228E1703000F577B /* Assets.xcassets */,
				A065F8BF228E1703000F577B /* LaunchScreen.storyboard */,
				A065F8C2228E1703000F577B /* Info.plist */,
				A065F8BA228E1700000F577B /* _3q.xcdatamodeld */,
			);
			path = 13q;
			sourceTree = "<group>";
		};
		A065F8CA228E1703000F577B /* 13qTests */ = {
			isa = PBXGroup;
			children = (
				A065F8CB228E1703000F577B /* _3qTests.swift */,
				A065F8CD228E1703000F577B /* Info.plist */,
			);
			path = 13qTests;
			sourceTree = "<group>";
		};
		A065F8D5228E1703000F577B /* 13qUITests */ = {
			isa = PBXGroup;
			children = (
				A065F8D6228E1703000F577B /* _3qUITests.swift */,
				A065F8D8228E1703000F577B /* Info.plist */,
			);
			path = 13qUITests;
			sourceTree = "<group>";
		};
		E5EF3CE8250DC88F15C39A9A /* Frameworks */ = {
			isa = PBXGroup;
			children = (
				E854A320998625CD0909C6EF /* Pods_13q.framework */,
			);
			name = Frameworks;
			sourceTree = "<group>";
		};
/* End PBXGroup section */

/* Begin PBXNativeTarget section */
		A065F8AF228E1700000F577B /* 13q */ = {
			isa = PBXNativeTarget;
			buildConfigurationList = A065F8DB228E1703000F577B /* Build configuration list for PBXNativeTarget "13q" */;
			buildPhases = (
				B60CF0DACD5620AE57F7FB11 /* [CP] Check Pods Manifest.lock */,
				A065F8AC228E1700000F577B /* Sources */,
				A065F8AD228E1700000F577B /* Frameworks */,
				A065F8AE228E1700000F577B /* Resources */,
				69A11D59DA3DA1BE5A989D4C /* [CP] Embed Pods Frameworks */,
			);
			buildRules = (
			);
			dependencies = (
			);
			name = 13q;
			productName = 13q;
			productReference = A065F8B0228E1700000F577B /* 13q.app */;
			productType = "com.apple.product-type.application";
		};
		A065F8C6228E1703000F577B /* 13qTests */ = {
			isa = PBXNativeTarget;
			buildConfigurationList = A065F8DE228E1703000F577B /* Build configuration list for PBXNativeTarget "13qTests" */;
			buildPhases = (
				A065F8C3228E1703000F577B /* Sources */,
				A065F8C4228E1703000F577B /* Frameworks */,
				A065F8C5228E1703000F577B /* Resources */,
			);
			buildRules = (
			);
			dependencies = (
				A065F8C9228E1703000F577B /* PBXTargetDependency */,
			);
			name = 13qTests;
			productName = 13qTests;
			productReference = A065F8C7228E1703000F577B /* 13qTests.xctest */;
			productType = "com.apple.product-type.bundle.unit-test";
		};
		A065F8D1228E1703000F577B /* 13qUITests */ = {
			isa = PBXNativeTarget;
			buildConfigurationList = A065F8E1228E1703000F577B /* Build configuration list for PBXNativeTarget "13qUITests" */;
			buildPhases = (
				A065F8CE228E1703000F577B /* Sources */,
				A065F8CF228E1703000F577B /* Frameworks */,
				A065F8D0228E1703000F577B /* Resources */,
			);
			buildRules = (
			);
			dependencies = (
				A065F8D4228E1703000F577B /* PBXTargetDependency */,
			);
			name = 13qUITests;
			productName = 13qUITests;
			productReference = A065F8D2228E1703000F577B /* 13qUITests.xctest */;
			productType = "com.apple.product-type.bundle.ui-testing";
		};
/* End PBXNativeTarget section */

/* Begin PBXProject section */
		A065F8A8228E1700000F577B /* Project object */ = {
			isa = PBXProject;
			attributes = {
				LastSwiftUpdateCheck = 1020;
				LastUpgradeCheck = 1020;
				ORGANIZATIONNAME = Zizlak;
				TargetAttributes = {
					A065F8AF228E1700000F577B = {
						CreatedOnToolsVersion = 10.2;
					};
					A065F8C6228E1703000F577B = {
						CreatedOnToolsVersion = 10.2;
						TestTargetID = A065F8AF228E1700000F577B;
					};
					A065F8D1228E1703000F577B = {
						CreatedOnToolsVersion = 10.2;
						TestTargetID = A065F8AF228E1700000F577B;
					};
				};
			};
			buildConfigurationList = A065F8AB228E1700000F577B /* Build configuration list for PBXProject "13q" */;
			compatibilityVersion = "Xcode 9.3";
			developmentRegion = en;
			hasScannedForEncodings = 0;
			knownRegions = (
				en,
				Base,
			);
			mainGroup = A065F8A7228E1700000F577B;
			productRefGroup = A065F8B1228E1700000F577B /* Products */;
			projectDirPath = "";
			projectRoot = "";
			targets = (
				A065F8AF228E1700000F577B /* 13q */,
				A065F8C6228E1703000F577B /* 13qTests */,
				A065F8D1228E1703000F577B /* 13qUITests */,
			);
		};
/* End PBXProject section */

/* Begin PBXResourcesBuildPhase section */
		A065F8AE228E1700000F577B /* Resources */ = {
			isa = PBXResourcesBuildPhase;
			buildActionMask = 2147483647;
			files = (
				A065F8C1228E1703000F577B /* LaunchScreen.storyboard in Resources */,
				A065F8BE228E1703000F577B /* Assets.xcassets in Resources */,
				A065F8B9228E1700000F577B /* Main.storyboard in Resources */,
			);
			runOnlyForDeploymentPostprocessing = 0;
		};
		A065F8C5228E1703000F577B /* Resources */ = {
			isa = PBXResourcesBuildPhase;
			buildActionMask = 2147483647;
			files = (
			);
			runOnlyForDeploymentPostprocessing = 0;
		};
		A065F8D0228E1703000F577B /* Resources */ = {
			isa = PBXResourcesBuildPhase;
			buildActionMask = 2147483647;
			files = (
			);
			runOnlyForDeploymentPostprocessing = 0;
		};
/* End PBXResourcesBuildPhase section */

/* Begin PBXShellScriptBuildPhase section */
		69A11D59DA3DA1BE5A989D4C /* [CP] Embed Pods Frameworks */ = {
			isa = PBXShellScriptBuildPhase;
			buildActionMask = 2147483647;
			files = (
			);
			inputFileListPaths = (
			);
			inputPaths = (
				"${PODS_ROOT}/Target Support Files/Pods-13q/Pods-13q-frameworks.sh",
				"${BUILT_PRODUCTS_DIR}/Alamofire/Alamofire.framework",
			);
			name = "[CP] Embed Pods Frameworks";
			outputFileListPaths = (
			);
			outputPaths = (
				"${TARGET_BUILD_DIR}/${FRAMEWORKS_FOLDER_PATH}/Alamofire.framework",
			);
			runOnlyForDeploymentPostprocessing = 0;
			shellPath = /bin/sh;
			shellScript = "\"${PODS_ROOT}/Target Support Files/Pods-13q/Pods-13q-frameworks.sh\"\n";
			showEnvVarsInLog = 0;
		};
		B60CF0DACD5620AE57F7FB11 /* [CP] Check Pods Manifest.lock */ = {
			isa = PBXShellScriptBuildPhase;
			buildActionMask = 2147483647;
			files = (
			);
			inputFileListPaths = (
			);
			inputPaths = (
				"${PODS_PODFILE_DIR_PATH}/Podfile.lock",
				"${PODS_ROOT}/Manifest.lock",
			);
			name = "[CP] Check Pods Manifest.lock";
			outputFileListPaths = (
			);
			outputPaths = (
				"$(DERIVED_FILE_DIR)/Pods-13q-checkManifestLockResult.txt",
			);
			runOnlyForDeploymentPostprocessing = 0;
			shellPath = /bin/sh;
			shellScript = "diff \"${PODS_PODFILE_DIR_PATH}/Podfile.lock\" \"${PODS_ROOT}/Manifest.lock\" > /dev/null\nif [ $? != 0 ] ; then\n    # print error to STDERR\n    echo \"error: The sandbox is not in sync with the Podfile.lock. Run 'pod install' or update your CocoaPods installation.\" >&2\n    exit 1\nfi\n# This output is used by Xcode 'outputs' to avoid re-running this script phase.\necho \"SUCCESS\" > \"${SCRIPT_OUTPUT_FILE_0}\"\n";
			showEnvVarsInLog = 0;
		};
/* End PBXShellScriptBuildPhase section */

/* Begin PBXSourcesBuildPhase section */
		A065F8AC228E1700000F577B /* Sources */ = {
			isa = PBXSourcesBuildPhase;
			buildActionMask = 2147483647;
			files = (
				A065F8EB228E29EF000F577B /* ViewController2.swift in Sources */,
				A065F8E5228E1716000F577B /* Loader1.swift in Sources */,
				A065F8BC228E1700000F577B /* _3q.xcdatamodeld in Sources */,
				A0D733C22297C38000531F71 /* TableViewCell.swift in Sources */,
				A0D733BE2297C24700531F71 /* Class.swift in Sources */,
				A065F8ED228E2A02000F577B /* Loader2.swift in Sources */,
				A04FB8342293DF7500EF0229 /* TableViewCell2.swift in Sources */,
				A065F8B6228E1700000F577B /* ViewController.swift in Sources */,
				A065F8B4228E1700000F577B /* AppDelegate.swift in Sources */,
			);
			runOnlyForDeploymentPostprocessing = 0;
		};
		A065F8C3228E1703000F577B /* Sources */ = {
			isa = PBXSourcesBuildPhase;
			buildActionMask = 2147483647;
			files = (
				A065F8CC228E1703000F577B /* _3qTests.swift in Sources */,
			);
			runOnlyForDeploymentPostprocessing = 0;
		};
		A065F8CE228E1703000F577B /* Sources */ = {
			isa = PBXSourcesBuildPhase;
			buildActionMask = 2147483647;
			files = (
				A065F8D7228E1703000F577B /* _3qUITests.swift in Sources */,
			);
			runOnlyForDeploymentPostprocessing = 0;
		};
/* End PBXSourcesBuildPhase section */

/* Begin PBXTargetDependency section */
		A065F8C9228E1703000F577B /* PBXTargetDependency */ = {
			isa = PBXTargetDependency;
			target = A065F8AF228E1700000F577B /* 13q */;
			targetProxy = A065F8C8228E1703000F577B /* PBXContainerItemProxy */;
		};
		A065F8D4228E1703000F577B /* PBXTargetDependency */ = {
			isa = PBXTargetDependency;
			target = A065F8AF228E1700000F577B /* 13q */;
			targetProxy = A065F8D3228E1703000F577B /* PBXContainerItemProxy */;
		};
/* End PBXTargetDependency section */

/* Begin PBXVariantGroup section */
		A065F8B7228E1700000F577B /* Main.storyboard */ = {
			isa = PBXVariantGroup;
			children = (
				A065F8B8228E1700000F577B /* Base */,
			);
			name = Main.storyboard;
			sourceTree = "<group>";
		};
		A065F8BF228E1703000F577B /* LaunchScreen.storyboard */ = {
			isa = PBXVariantGroup;
			children = (
				A065F8C0228E1703000F577B /* Base */,
			);
			name = LaunchScreen.storyboard;
			sourceTree = "<group>";
		};
/* End PBXVariantGroup section */

/* Begin XCBuildConfiguration section */
		A065F8D9228E1703000F577B /* Debug */ = {
			isa = XCBuildConfiguration;
			buildSettings = {
				ALWAYS_SEARCH_USER_PATHS = NO;
				CLANG_ANALYZER_NONNULL = YES;
				CLANG_ANALYZER_NUMBER_OBJECT_CONVERSION = YES_AGGRESSIVE;
				CLANG_CXX_LANGUAGE_STANDARD = "gnu++14";
				CLANG_CXX_LIBRARY = "libc++";
				CLANG_ENABLE_MODULES = YES;
				CLANG_ENABLE_OBJC_ARC = YES;
				CLANG_ENABLE_OBJC_WEAK = YES;
				CLANG_WARN_BLOCK_CAPTURE_AUTORELEASING = YES;
				CLANG_WARN_BOOL_CONVERSION = YES;
				CLANG_WARN_COMMA = YES;
				CLANG_WARN_CONSTANT_CONVERSION = YES;
				CLANG_WARN_DEPRECATED_OBJC_IMPLEMENTATIONS = YES;
				CLANG_WARN_DIRECT_OBJC_ISA_USAGE = YES_ERROR;
				CLANG_WARN_DOCUMENTATION_COMMENTS = YES;
				CLANG_WARN_EMPTY_BODY = YES;
				CLANG_WARN_ENUM_CONVERSION = YES;
				CLANG_WARN_INFINITE_RECURSION = YES;
				CLANG_WARN_INT_CONVERSION = YES;
				CLANG_WARN_NON_LITERAL_NULL_CONVERSION = YES;
				CLANG_WARN_OBJC_IMPLICIT_RETAIN_SELF = YES;
				CLANG_WARN_OBJC_LITERAL_CONVERSION = YES;
				CLANG_WARN_OBJC_ROOT_CLASS = YES_ERROR;
				CLANG_WARN_RANGE_LOOP_ANALYSIS = YES;
				CLANG_WARN_STRICT_PROTOTYPES = YES;
				CLANG_WARN_SUSPICIOUS_MOVE = YES;
				CLANG_WARN_UNGUARDED_AVAILABILITY = YES_AGGRESSIVE;
				CLANG_WARN_UNREACHABLE_CODE = YES;
				CLANG_WARN__DUPLICATE_METHOD_MATCH = YES;
				CODE_SIGN_IDENTITY = "iPhone Developer";
				COPY_PHASE_STRIP = NO;
				DEBUG_INFORMATION_FORMAT = dwarf;
				ENABLE_STRICT_OBJC_MSGSEND = YES;
				ENABLE_TESTABILITY = YES;
				GCC_C_LANGUAGE_STANDARD = gnu11;
				GCC_DYNAMIC_NO_PIC = NO;
				GCC_NO_COMMON_BLOCKS = YES;
				GCC_OPTIMIZATION_LEVEL = 0;
				GCC_PREPROCESSOR_DEFINITIONS = (
					"DEBUG=1",
					"$(inherited)",
				);
				GCC_WARN_64_TO_32_BIT_CONVERSION = YES;
				GCC_WARN_ABOUT_RETURN_TYPE = YES_ERROR;
				GCC_WARN_UNDECLARED_SELECTOR = YES;
				GCC_WARN_UNINITIALIZED_AUTOS = YES_AGGRESSIVE;
				GCC_WARN_UNUSED_FUNCTION = YES;
				GCC_WARN_UNUSED_VARIABLE = YES;
				IPHONEOS_DEPLOYMENT_TARGET = 12.2;
				MTL_ENABLE_DEBUG_INFO = INCLUDE_SOURCE;
				MTL_FAST_MATH = YES;
				ONLY_ACTIVE_ARCH = YES;
				SDKROOT = iphoneos;
				SWIFT_ACTIVE_COMPILATION_CONDITIONS = DEBUG;
				SWIFT_OPTIMIZATION_LEVEL = "-Onone";
			};
			name = Debug;
		};
		A065F8DA228E1703000F577B /* Release */ = {
			isa = XCBuildConfiguration;
			buildSettings = {
				ALWAYS_SEARCH_USER_PATHS = NO;
				CLANG_ANALYZER_NONNULL = YES;
				CLANG_ANALYZER_NUMBER_OBJECT_CONVERSION = YES_AGGRESSIVE;
				CLANG_CXX_LANGUAGE_STANDARD = "gnu++14";
				CLANG_CXX_LIBRARY = "libc++";
				CLANG_ENABLE_MODULES = YES;
				CLANG_ENABLE_OBJC_ARC = YES;
				CLANG_ENABLE_OBJC_WEAK = YES;
				CLANG_WARN_BLOCK_CAPTURE_AUTORELEASING = YES;
				CLANG_WARN_BOOL_CONVERSION = YES;
				CLANG_WARN_COMMA = YES;
				CLANG_WARN_CONSTANT_CONVERSION = YES;
				CLANG_WARN_DEPRECATED_OBJC_IMPLEMENTATIONS = YES;
				CLANG_WARN_DIRECT_OBJC_ISA_USAGE = YES_ERROR;
				CLANG_WARN_DOCUMENTATION_COMMENTS = YES;
				CLANG_WARN_EMPTY_BODY = YES;
				CLANG_WARN_ENUM_CONVERSION = YES;
				CLANG_WARN_INFINITE_RECURSION = YES;
				CLANG_WARN_INT_CONVERSION = YES;
				CLANG_WARN_NON_LITERAL_NULL_CONVERSION = YES;
				CLANG_WARN_OBJC_IMPLICIT_RETAIN_SELF = YES;
				CLANG_WARN_OBJC_LITERAL_CONVERSION = YES;
				CLANG_WARN_OBJC_ROOT_CLASS = YES_ERROR;
				CLANG_WARN_RANGE_LOOP_ANALYSIS = YES;
				CLANG_WARN_STRICT_PROTOTYPES = YES;
				CLANG_WARN_SUSPICIOUS_MOVE = YES;
				CLANG_WARN_UNGUARDED_AVAILABILITY = YES_AGGRESSIVE;
				CLANG_WARN_UNREACHABLE_CODE = YES;
				CLANG_WARN__DUPLICATE_METHOD_MATCH = YES;
				CODE_SIGN_IDENTITY = "iPhone Developer";
				COPY_PHASE_STRIP = NO;
				DEBUG_INFORMATION_FORMAT = "dwarf-with-dsym";
				ENABLE_NS_ASSERTIONS = NO;
				ENABLE_STRICT_OBJC_MSGSEND = YES;
				GCC_C_LANGUAGE_STANDARD = gnu11;
				GCC_NO_COMMON_BLOCKS = YES;
				GCC_WARN_64_TO_32_BIT_CONVERSION = YES;
				GCC_WARN_ABOUT_RETURN_TYPE = YES_ERROR;
				GCC_WARN_UNDECLARED_SELECTOR = YES;
				GCC_WARN_UNINITIALIZED_AUTOS = YES_AGGRESSIVE;
				GCC_WARN_UNUSED_FUNCTION = YES;
				GCC_WARN_UNUSED_VARIABLE = YES;
				IPHONEOS_DEPLOYMENT_TARGET = 12.2;
				MTL_ENABLE_DEBUG_INFO = NO;
				MTL_FAST_MATH = YES;
				SDKROOT = iphoneos;
				SWIFT_COMPILATION_MODE = wholemodule;
				SWIFT_OPTIMIZATION_LEVEL = "-O";
				VALIDATE_PRODUCT = YES;
			};
			name = Release;
		};
		A065F8DC228E1703000F577B /* Debug */ = {
			isa = XCBuildConfiguration;
			baseConfigurationReference = ABECC55FF50FCA35FD875785 /* Pods-13q.debug.xcconfig */;
			buildSettings = {
				ASSETCATALOG_COMPILER_APPICON_NAME = AppIcon;
				CODE_SIGN_STYLE = Automatic;
				DEVELOPMENT_TEAM = 2SFU59SCCX;
				INFOPLIST_FILE = 13q/Info.plist;
				LD_RUNPATH_SEARCH_PATHS = (
					"$(inherited)",
					"@executable_path/Frameworks",
				);
				PRODUCT_BUNDLE_IDENTIFIER = "com.zizlak.-3q";
				PRODUCT_NAME = "$(TARGET_NAME)";
				SWIFT_VERSION = 5.0;
				TARGETED_DEVICE_FAMILY = "1,2";
			};
			name = Debug;
		};
		A065F8DD228E1703000F577B /* Release */ = {
			isa = XCBuildConfiguration;
			baseConfigurationReference = 4A75312A0B4B02A246A832FA /* Pods-13q.release.xcconfig */;
			buildSettings = {
				ASSETCATALOG_COMPILER_APPICON_NAME = AppIcon;
				CODE_SIGN_STYLE = Automatic;
				DEVELOPMENT_TEAM = 2SFU59SCCX;
				INFOPLIST_FILE = 13q/Info.plist;
				LD_RUNPATH_SEARCH_PATHS = (
					"$(inherited)",
					"@executable_path/Frameworks",
				);
				PRODUCT_BUNDLE_IDENTIFIER = "com.zizlak.-3q";
				PRODUCT_NAME = "$(TARGET_NAME)";
				SWIFT_VERSION = 5.0;
				TARGETED_DEVICE_FAMILY = "1,2";
			};
			name = Release;
		};
		A065F8DF228E1703000F577B /* Debug */ = {
			isa = XCBuildConfiguration;
			buildSettings = {
				ALWAYS_EMBED_SWIFT_STANDARD_LIBRARIES = YES;
				BUNDLE_LOADER = "$(TEST_HOST)";
				CODE_SIGN_STYLE = Automatic;
				INFOPLIST_FILE = 13qTests/Info.plist;
				LD_RUNPATH_SEARCH_PATHS = (
					"$(inherited)",
					"@executable_path/Frameworks",
					"@loader_path/Frameworks",
				);
				PRODUCT_BUNDLE_IDENTIFIER = "com.zizlak.-3qTests";
				PRODUCT_NAME = "$(TARGET_NAME)";
				SWIFT_VERSION = 5.0;
				TARGETED_DEVICE_FAMILY = "1,2";
				TEST_HOST = "$(BUILT_PRODUCTS_DIR)/13q.app/13q";
			};
			name = Debug;
		};
		A065F8E0228E1703000F577B /* Release */ = {
			isa = XCBuildConfiguration;
			buildSettings = {
				ALWAYS_EMBED_SWIFT_STANDARD_LIBRARIES = YES;
				BUNDLE_LOADER = "$(TEST_HOST)";
				CODE_SIGN_STYLE = Automatic;
				INFOPLIST_FILE = 13qTests/Info.plist;
				LD_RUNPATH_SEARCH_PATHS = (
					"$(inherited)",
					"@executable_path/Frameworks",
					"@loader_path/Frameworks",
				);
				PRODUCT_BUNDLE_IDENTIFIER = "com.zizlak.-3qTests";
				PRODUCT_NAME = "$(TARGET_NAME)";
				SWIFT_VERSION = 5.0;
				TARGETED_DEVICE_FAMILY = "1,2";
				TEST_HOST = "$(BUILT_PRODUCTS_DIR)/13q.app/13q";
			};
			name = Release;
		};
		A065F8E2228E1703000F577B /* Debug */ = {
			isa = XCBuildConfiguration;
			buildSettings = {
				ALWAYS_EMBED_SWIFT_STANDARD_LIBRARIES = YES;
				CODE_SIGN_STYLE = Automatic;
				INFOPLIST_FILE = 13qUITests/Info.plist;
				LD_RUNPATH_SEARCH_PATHS = (
					"$(inherited)",
					"@executable_path/Frameworks",
					"@loader_path/Frameworks",
				);
				PRODUCT_BUNDLE_IDENTIFIER = "com.zizlak.-3qUITests";
				PRODUCT_NAME = "$(TARGET_NAME)";
				SWIFT_VERSION = 5.0;
				TARGETED_DEVICE_FAMILY = "1,2";
				TEST_TARGET_NAME = 13q;
			};
			name = Debug;
		};
		A065F8E3228E1703000F577B /* Release */ = {
			isa = XCBuildConfiguration;
			buildSettings = {
				ALWAYS_EMBED_SWIFT_STANDARD_LIBRARIES = YES;
				CODE_SIGN_STYLE = Automatic;
				INFOPLIST_FILE = 13qUITests/Info.plist;
				LD_RUNPATH_SEARCH_PATHS = (
					"$(inherited)",
					"@executable_path/Frameworks",
					"@loader_path/Frameworks",
				);
				PRODUCT_BUNDLE_IDENTIFIER = "com.zizlak.-3qUITests";
				PRODUCT_NAME = "$(TARGET_NAME)";
				SWIFT_VERSION = 5.0;
				TARGETED_DEVICE_FAMILY = "1,2";
				TEST_TARGET_NAME = 13q;
			};
			name = Release;
		};
/* End XCBuildConfiguration section */

/* Begin XCConfigurationList section */
		A065F8AB228E1700000F577B /* Build configuration list for PBXProject "13q" */ = {
			isa = XCConfigurationList;
			buildConfigurations = (
				A065F8D9228E1703000F577B /* Debug */,
				A065F8DA228E1703000F577B /* Release */,
			);
			defaultConfigurationIsVisible = 0;
			defaultConfigurationName = Release;
		};
		A065F8DB228E1703000F577B /* Build configuration list for PBXNativeTarget "13q" */ = {
			isa = XCConfigurationList;
			buildConfigurations = (
				A065F8DC228E1703000F577B /* Debug */,
				A065F8DD228E1703000F577B /* Release */,
			);
			defaultConfigurationIsVisible = 0;
			defaultConfigurationName = Release;
		};
		A065F8DE228E1703000F577B /* Build configuration list for PBXNativeTarget "13qTests" */ = {
			isa = XCConfigurationList;
			buildConfigurations = (
				A065F8DF228E1703000F577B /* Debug */,
				A065F8E0228E1703000F577B /* Release */,
			);
			defaultConfigurationIsVisible = 0;
			defaultConfigurationName = Release;
		};
		A065F8E1228E1703000F577B /* Build configuration list for PBXNativeTarget "13qUITests" */ = {
			isa = XCConfigurationList;
			buildConfigurations = (
				A065F8E2228E1703000F577B /* Debug */,
				A065F8E3228E1703000F577B /* Release */,
			);
			defaultConfigurationIsVisible = 0;
			defaultConfigurationName = Release;
		};
/* End XCConfigurationList section */

/* Begin XCVersionGroup section */
		A065F8BA228E1700000F577B /* _3q.xcdatamodeld */ = {
			isa = XCVersionGroup;
			children = (
				A065F8BB228E1700000F577B /* _3q.xcdatamodel */,
			);
			currentVersion = A065F8BB228E1700000F577B /* _3q.xcdatamodel */;
			path = _3q.xcdatamodeld;
			sourceTree = "<group>";
			versionGroupType = wrapper.xcdatamodel;
		};
/* End XCVersionGroup section */
	};
	rootObject = A065F8A8228E1700000F577B /* Project object */;
}
